
Microsoft Visual Studio Solution File, Format Version 12.00
# Visual Studio 14
VisualStudioVersion = 14.0.23107.0
MinimumVisualStudioVersion = 10.0.40219.1
Project("{FAE04EC0-301F-11D3-BF4B-00C04F79EFBC}") = "1.Average", "Average\1.Average.csproj", "{C61B5E3B-1959-4501-A860-325290168BA3}"
EndProject
Project("{FAE04EC0-301F-11D3-BF4B-00C04F79EFBC}") = "2.Trapezoid", "Trapezoid\2.Trapezoid.csproj", "{1287AA60-261F-4CD3-87DB-DC493FC97697}"
EndProject
Project("{FAE04EC0-301F-11D3-BF4B-00C04F79EFBC}") = "3.LastDigit", "Last-Digit\3.LastDigit.csproj", "{0B27E334-D732-4A92-91E6-06670EDD05DE}"
EndProject
Project("{FAE04EC0-301F-11D3-BF4B-00C04F79EFBC}") = "4.nDigit", "nDigit\4.nDigit.csproj", "{95BAB600-A5D3-47A0-B676-29B7E83B3D22}"
EndProject
Global
	GlobalSection(SolutionConfigurationPlatforms) = preSolution
		Debug|Any CPU = Debug|Any CPU
		Release|Any CPU = Release|Any CPU
	EndGlobalSection
	GlobalSection(ProjectConfigurationPlatforms) = postSolution
		{C61B5E3B-1959-4501-A860-325290168BA3}.Debug|Any CPU.ActiveCfg = Debug|Any CPU
		{C61B5E3B-1959-4501-A860-325290168BA3}.Debug|Any CPU.Build.0 = Debug|Any CPU
		{C61B5E3B-1959-4501-A860-325290168BA3}.Release|Any CPU.ActiveCfg = Release|Any CPU
		{C61B5E3B-1959-4501-A860-325290168BA3}.Release|Any CPU.Build.0 = Release|Any CPU
		{1287AA60-261F-4CD3-87DB-DC493FC97697}.Debug|Any CPU.ActiveCfg = Debug|Any CPU
		{1287AA60-261F-4CD3-87DB-DC493FC97697}.Debug|Any CPU.Build.0 = Debug|Any CPU
		{1287AA60-261F-4CD3-87DB-DC493FC97697}.Release|Any CPU.ActiveCfg = Release|Any CPU
		{1287AA60-261F-4CD3-87DB-DC493FC97697}.Release|Any CPU.Build.0 = Release|Any CPU
		{0B27E334-D732-4A92-91E6-06670EDD05DE}.Debug|Any CPU.ActiveCfg = Debug|Any CPU
		{0B27E334-D732-4A92-91E6-06670EDD05DE}.Debug|Any CPU.Build.0 = Debug|Any CPU
		{0B27E334-D732-4A92-91E6-06670EDD05DE}.Release|Any CPU.ActiveCfg = Release|Any CPU
		{0B27E334-D732-4A92-91E6-06670EDD05DE}.Release|Any CPU.Build.0 = Release|Any CPU
		{95BAB600-A5D3-47A0-B676-29B7E83B3D22}.Debug|Any CPU.ActiveCfg = Debug|Any CPU
		{95BAB600-A5D3-47A0-B676-29B7E83B3D22}.Debug|Any CPU.Build.0 = Debug|Any CPU
		{95BAB600-A5D3-47A0-B676-29B7E83B3D22}.Release|Any CPU.ActiveCfg = Release|Any CPU
		{95BAB600-A5D3-47A0-B676-29B7E83B3D22}.Release|Any CPU.Build.0 = Release|Any CPU
	EndGlobalSection
	GlobalSection(SolutionProperties) = preSolution
		HideSolutionNode = FALSE
	EndGlobalSection
EndGlobal
